<?xml version="1.0" encoding="utf-8"?>
<Project ToolsVersion="4.0" xmlns="http://schemas.microsoft.com/developer/msbuild/2003">
  <ItemGroup>
    <Filter Include="OneGameEngine">
      <UniqueIdentifier>{D7564073-4317-BCA9-0C52-052778D10086}</UniqueIdentifier>
    </Filter>
  </ItemGroup>
  <ItemGroup>
    <ClInclude Include="src\OneGameEngine.h" />
    <ClInclude Include="src\OneGameEngine\Application.h">
      <Filter>OneGameEngine</Filter>
    </ClInclude>
    <ClInclude Include="src\OneGameEngine\Core.h">
      <Filter>OneGameEngine</Filter>
    </ClInclude>
    <ClInclude Include="src\OneGameEngine\EntryPoint.h">
      <Filter>OneGameEngine</Filter>
    </ClInclude>
    <ClInclude Include="src\OneGameEngine\Log.h">
      <Filter>OneGameEngine</Filter>
    </ClInclude>
  </ItemGroup>
  <ItemGroup>
    <ClCompile Include="src\OneGameEngine\Application.cpp">
      <Filter>OneGameEngine</Filter>
    </ClCompile>
    <ClCompile Include="src\OneGameEngine\Log.cpp">
      <Filter>OneGameEngine</Filter>
    </ClCompile>
  </ItemGroup>
</Project>